{
  "name": "ergo-dex-sdk",
  "version": "1.0.0",
  "lockfileVersion": 2,
  "requires": true,
  "packages": {
    "": {
      "version": "1.0.0",
      "dependencies": {
        "blake2": "4.0.2",
        "ergo-lib-wasm-browser": "0.9.0",
        "fp-ts": "2.10.0-rc.8"
      },
      "devDependencies": {
        "@types/blake2": "^4.0.1"
      }
    },
    "node_modules/@types/blake2": {
      "version": "4.0.1",
      "resolved": "https://registry.npmjs.org/@types/blake2/-/blake2-4.0.1.tgz",
      "integrity": "sha512-zcBydVD4uEsGo5gFRfm2phVMLqgrGJqcTZaT6lkZMWJzYovUi6wwraUJKdY1eO92q0bhWWVSAH4OnSp2m7rCfQ==",
      "dev": true,
      "dependencies": {
        "@types/node": "*"
      }
    },
    "node_modules/@types/node": {
      "version": "14.14.37",
      "resolved": "https://registry.npmjs.org/@types/node/-/node-14.14.37.tgz",
      "integrity": "sha512-XYmBiy+ohOR4Lh5jE379fV2IU+6Jn4g5qASinhitfyO71b/sCo6MKsMLF5tc7Zf2CE8hViVQyYSobJNke8OvUw==",
      "dev": true
    },
    "node_modules/blake2": {
      "version": "4.0.2",
      "resolved": "https://registry.npmjs.org/blake2/-/blake2-4.0.2.tgz",
      "integrity": "sha512-Z7yip562cm1s1pXBYfn64ScLH9HVy6zarw5FCKEVqTBRxyXn736sPmM3nYSCWw1zWt+zEUSwrbEXbElgwDi9aw==",
      "hasInstallScript": true,
      "dependencies": {
        "nan": "^2.14.2"
      },
      "engines": {
        "node": ">= 8.0.0"
      }
    },
    "node_modules/ergo-lib-wasm-browser": {
      "version": "0.9.0",
      "resolved": "https://registry.npmjs.org/ergo-lib-wasm-browser/-/ergo-lib-wasm-browser-0.9.0.tgz",
      "integrity": "sha512-kk0jJ/RndXEuErLooo42NrEALfWZkNW17YrSpQ9BQ7+VKtlZ2Lqr2zfYTcKqxvPDoVYRJiXNK9n1R8dxD6Zu0g=="
    },
    "node_modules/fp-ts": {
      "version": "2.10.0-rc.8",
      "resolved": "https://registry.npmjs.org/fp-ts/-/fp-ts-2.10.0-rc.8.tgz",
      "integrity": "sha512-s84KajsPEjUStXogBLSHIG/GI3krr7Ppi7zgzApyAxB+gUpGMgm/siSbgMnCBBEynBHX2UA56dIHjwEf/iglFg=="
    },
    "node_modules/nan": {
      "version": "2.14.2",
      "resolved": "https://registry.npmjs.org/nan/-/nan-2.14.2.tgz",
      "integrity": "sha512-M2ufzIiINKCuDfBSAUr1vWQ+vuVcA9kqx8JJUsbQi6yf1uGRyb7HfpdfUr5qLXf3B/t8dPvcjhKMmlfnP47EzQ=="
    }
  },
  "dependencies": {
    "@types/blake2": {
      "version": "4.0.1",
      "resolved": "https://registry.npmjs.org/@types/blake2/-/blake2-4.0.1.tgz",
      "integrity": "sha512-zcBydVD4uEsGo5gFRfm2phVMLqgrGJqcTZaT6lkZMWJzYovUi6wwraUJKdY1eO92q0bhWWVSAH4OnSp2m7rCfQ==",
      "dev": true,
      "requires": {
        "@types/node": "*"
      }
    },
    "@types/node": {
      "version": "14.14.37",
      "resolved": "https://registry.npmjs.org/@types/node/-/node-14.14.37.tgz",
      "integrity": "sha512-XYmBiy+ohOR4Lh5jE379fV2IU+6Jn4g5qASinhitfyO71b/sCo6MKsMLF5tc7Zf2CE8hViVQyYSobJNke8OvUw==",
      "dev": true
    },
    "blake2": {
      "version": "4.0.2",
      "resolved": "https://registry.npmjs.org/blake2/-/blake2-4.0.2.tgz",
      "integrity": "sha512-Z7yip562cm1s1pXBYfn64ScLH9HVy6zarw5FCKEVqTBRxyXn736sPmM3nYSCWw1zWt+zEUSwrbEXbElgwDi9aw==",
      "requires": {
        "nan": "^2.14.2"
      }
    },
    "ergo-lib-wasm-browser": {
      "version": "0.9.0",
      "resolved": "https://registry.npmjs.org/ergo-lib-wasm-browser/-/ergo-lib-wasm-browser-0.9.0.tgz",
      "integrity": "sha512-kk0jJ/RndXEuErLooo42NrEALfWZkNW17YrSpQ9BQ7+VKtlZ2Lqr2zfYTcKqxvPDoVYRJiXNK9n1R8dxD6Zu0g=="
    },
    "fp-ts": {
      "version": "2.10.0-rc.8",
      "resolved": "https://registry.npmjs.org/fp-ts/-/fp-ts-2.10.0-rc.8.tgz",
      "integrity": "sha512-s84KajsPEjUStXogBLSHIG/GI3krr7Ppi7zgzApyAxB+gUpGMgm/siSbgMnCBBEynBHX2UA56dIHjwEf/iglFg=="
    },
    "nan": {
      "version": "2.14.2",
      "resolved": "https://registry.npmjs.org/nan/-/nan-2.14.2.tgz",
      "integrity": "sha512-M2ufzIiINKCuDfBSAUr1vWQ+vuVcA9kqx8JJUsbQi6yf1uGRyb7HfpdfUr5qLXf3B/t8dPvcjhKMmlfnP47EzQ=="
    }
  }
}
