{
  "name": "ergo-dex-sdk",
  "version": "1.0.0",
  "lockfileVersion": 2,
  "requires": true,
  "packages": {
    "": {
      "version": "1.0.0",
      "dependencies": {
        "blakejs": "^1.1.0",
        "ergo-lib-wasm-browser": "0.9.0",
        "fp-ts": "2.10.0-rc.8"
      }
    },
    "node_modules/blakejs": {
      "version": "1.1.0",
      "resolved": "https://registry.npmjs.org/blakejs/-/blakejs-1.1.0.tgz",
      "integrity": "sha1-ad+S75U6qIylGjLfarHFShVfx6U="
    },
    "node_modules/ergo-lib-wasm-browser": {
      "version": "0.9.0",
      "resolved": "https://registry.npmjs.org/ergo-lib-wasm-browser/-/ergo-lib-wasm-browser-0.9.0.tgz",
      "integrity": "sha512-kk0jJ/RndXEuErLooo42NrEALfWZkNW17YrSpQ9BQ7+VKtlZ2Lqr2zfYTcKqxvPDoVYRJiXNK9n1R8dxD6Zu0g=="
    },
    "node_modules/fp-ts": {
      "version": "2.10.0-rc.8",
      "resolved": "https://registry.npmjs.org/fp-ts/-/fp-ts-2.10.0-rc.8.tgz",
      "integrity": "sha512-s84KajsPEjUStXogBLSHIG/GI3krr7Ppi7zgzApyAxB+gUpGMgm/siSbgMnCBBEynBHX2UA56dIHjwEf/iglFg=="
    }
  },
  "dependencies": {
    "blakejs": {
      "version": "1.1.0",
      "resolved": "https://registry.npmjs.org/blakejs/-/blakejs-1.1.0.tgz",
      "integrity": "sha1-ad+S75U6qIylGjLfarHFShVfx6U="
    },
    "ergo-lib-wasm-browser": {
      "version": "0.9.0",
      "resolved": "https://registry.npmjs.org/ergo-lib-wasm-browser/-/ergo-lib-wasm-browser-0.9.0.tgz",
      "integrity": "sha512-kk0jJ/RndXEuErLooo42NrEALfWZkNW17YrSpQ9BQ7+VKtlZ2Lqr2zfYTcKqxvPDoVYRJiXNK9n1R8dxD6Zu0g=="
    },
    "fp-ts": {
      "version": "2.10.0-rc.8",
      "resolved": "https://registry.npmjs.org/fp-ts/-/fp-ts-2.10.0-rc.8.tgz",
      "integrity": "sha512-s84KajsPEjUStXogBLSHIG/GI3krr7Ppi7zgzApyAxB+gUpGMgm/siSbgMnCBBEynBHX2UA56dIHjwEf/iglFg=="
    }
  }
}
